[General]
platform=win
<<<<<<< HEAD
host=Maxwell-PC
user=Maxwell
uuid=57585455-A415-4A9D-BC69-FBDEAB39E015
project_path=C:/Users/Maxwell/Documents/Games/VN/YourStory/YourStoryPlan.scriv
app_path=C:/Program Files (x86)/Scrivener/Scrivener.exe
=======
host=Lillian-PC
user=Lillian
uuid=241EBB44-A858-48E6-9E89-9A49AB5CD9E7
project_path=F:/Users/Lillian/Documents/GitHub/YourStory/YourStoryPlan.scriv
app_path=F:/Program Files (x86)/Scrivener/Scrivener.exe
>>>>>>> d500de8ee32daf1342314fa70df16ea9b53b7815
